// !$*UTF8*$!
{
	archiveVersion = 1;
	classes = {
	};
	objectVersion = 77;
	objects = {

/* Begin PBXBuildFile section */
		E47C904E2DC188EA004BF73D /* Chroma in Frameworks */ = {isa = PBXBuildFile; productRef = E47C904D2DC188EA004BF73D /* Chroma */; };
		E47C90852DC1D41D004BF73D /* Chroma in Frameworks */ = {isa = PBXBuildFile; productRef = E47C90842DC1D41D004BF73D /* Chroma */; };
		E47C90952DC278F2004BF73D /* Chroma in Frameworks */ = {isa = PBXBuildFile; productRef = E47C90942DC278F2004BF73D /* Chroma */; };
/* End PBXBuildFile section */

/* Begin PBXContainerItemProxy section */
		E47C90302DC188D8004BF73D /* PBXContainerItemProxy */ = {
			isa = PBXContainerItemProxy;
			containerPortal = E47C90192DC188D7004BF73D /* Project object */;
			proxyType = 1;
			remoteGlobalIDString = E47C90202DC188D7004BF73D;
			remoteInfo = ChromaTest2;
		};
		E47C903A2DC188D8004BF73D /* PBXContainerItemProxy */ = {
			isa = PBXContainerItemProxy;
			containerPortal = E47C90192DC188D7004BF73D /* Project object */;
			proxyType = 1;
			remoteGlobalIDString = E47C90202DC188D7004BF73D;
			remoteInfo = ChromaTest2;
		};
/* End PBXContainerItemProxy section */

/* Begin PBXFileReference section */
		E47C90212DC188D7004BF73D /* ChromaTest2.app */ = {isa = PBXFileReference; explicitFileType = wrapper.application; includeInIndex = 0; path = ChromaTest2.app; sourceTree = BUILT_PRODUCTS_DIR; };
		E47C902F2DC188D8004BF73D /* ChromaTest2Tests.xctest */ = {isa = PBXFileReference; explicitFileType = wrapper.cfbundle; includeInIndex = 0; path = ChromaTest2Tests.xctest; sourceTree = BUILT_PRODUCTS_DIR; };
		E47C90392DC188D8004BF73D /* ChromaTest2UITests.xctest */ = {isa = PBXFileReference; explicitFileType = wrapper.cfbundle; includeInIndex = 0; path = ChromaTest2UITests.xctest; sourceTree = BUILT_PRODUCTS_DIR; };
/* End PBXFileReference section */

/* Begin PBXFileSystemSynchronizedRootGroup section */
		E47C90232DC188D7004BF73D /* ChromaTest2 */ = {
			isa = PBXFileSystemSynchronizedRootGroup;
			path = ChromaTest2;
			sourceTree = "<group>";
		};
		E47C90322DC188D8004BF73D /* ChromaTest2Tests */ = {
			isa = PBXFileSystemSynchronizedRootGroup;
			path = ChromaTest2Tests;
			sourceTree = "<group>";
		};
		E47C903C2DC188D8004BF73D /* ChromaTest2UITests */ = {
			isa = PBXFileSystemSynchronizedRootGroup;
			path = ChromaTest2UITests;
			sourceTree = "<group>";
		};
/* End PBXFileSystemSynchronizedRootGroup section */

/* Begin PBXFrameworksBuildPhase section */
		E47C901E2DC188D7004BF73D /* Frameworks */ = {
			isa = PBXFrameworksBuildPhase;
			buildActionMask = 2147483647;
			files = (
				E47C90852DC1D41D004BF73D /* Chroma in Frameworks */,
				E47C904E2DC188EA004BF73D /* Chroma in Frameworks */,
				E47C90952DC278F2004BF73D /* Chroma in Frameworks */,
			);
			runOnlyForDeploymentPostprocessing = 0;
		};
		E47C902C2DC188D8004BF73D /* Frameworks */ = {
			isa = PBXFrameworksBuildPhase;
			buildActionMask = 2147483647;
			files = (
			);
			runOnlyForDeploymentPostprocessing = 0;
		};
		E47C90362DC188D8004BF73D /* Frameworks */ = {
			isa = PBXFrameworksBuildPhase;
			buildActionMask = 2147483647;
			files = (
			);
			runOnlyForDeploymentPostprocessing = 0;
		};
/* End PBXFrameworksBuildPhase section */

/* Begin PBXGroup section */
		E47C90182DC188D7004BF73D = {
			isa = PBXGroup;
			children = (
				E47C90232DC188D7004BF73D /* ChromaTest2 */,
				E47C90322DC188D8004BF73D /* ChromaTest2Tests */,
				E47C903C2DC188D8004BF73D /* ChromaTest2UITests */,
				E47C90222DC188D7004BF73D /* Products */,
			);
			sourceTree = "<group>";
		};
		E47C90222DC188D7004BF73D /* Products */ = {
			isa = PBXGroup;
			children = (
				E47C90212DC188D7004BF73D /* ChromaTest2.app */,
				E47C902F2DC188D8004BF73D /* ChromaTest2Tests.xctest */,
				E47C90392DC188D8004BF73D /* ChromaTest2UITests.xctest */,
			);
			name = Products;
			sourceTree = "<group>";
		};
/* End PBXGroup section */

/* Begin PBXNativeTarget section */
		E47C90202DC188D7004BF73D /* ChromaTest2 */ = {
			isa = PBXNativeTarget;
			buildConfigurationList = E47C90432DC188D8004BF73D /* Build configuration list for PBXNativeTarget "ChromaTest2" */;
			buildPhases = (
				E47C901D2DC188D7004BF73D /* Sources */,
				E47C901E2DC188D7004BF73D /* Frameworks */,
				E47C901F2DC188D7004BF73D /* Resources */,
			);
			buildRules = (
			);
			dependencies = (
			);
			fileSystemSynchronizedGroups = (
				E47C90232DC188D7004BF73D /* ChromaTest2 */,
			);
			name = ChromaTest2;
			packageProductDependencies = (
				E47C904D2DC188EA004BF73D /* Chroma */,
				E47C90842DC1D41D004BF73D /* Chroma */,
				E47C90942DC278F2004BF73D /* Chroma */,
			);
			productName = ChromaTest2;
			productReference = E47C90212DC188D7004BF73D /* ChromaTest2.app */;
			productType = "com.apple.product-type.application";
		};
		E47C902E2DC188D8004BF73D /* ChromaTest2Tests */ = {
			isa = PBXNativeTarget;
			buildConfigurationList = E47C90462DC188D8004BF73D /* Build configuration list for PBXNativeTarget "ChromaTest2Tests" */;
			buildPhases = (
				E47C902B2DC188D8004BF73D /* Sources */,
				E47C902C2DC188D8004BF73D /* Frameworks */,
				E47C902D2DC188D8004BF73D /* Resources */,
			);
			buildRules = (
			);
			dependencies = (
				E47C90312DC188D8004BF73D /* PBXTargetDependency */,
			);
			fileSystemSynchronizedGroups = (
				E47C90322DC188D8004BF73D /* ChromaTest2Tests */,
			);
			name = ChromaTest2Tests;
			packageProductDependencies = (
			);
			productName = ChromaTest2Tests;
			productReference = E47C902F2DC188D8004BF73D /* ChromaTest2Tests.xctest */;
			productType = "com.apple.product-type.bundle.unit-test";
		};
		E47C90382DC188D8004BF73D /* ChromaTest2UITests */ = {
			isa = PBXNativeTarget;
			buildConfigurationList = E47C90492DC188D8004BF73D /* Build configuration list for PBXNativeTarget "ChromaTest2UITests" */;
			buildPhases = (
				E47C90352DC188D8004BF73D /* Sources */,
				E47C90362DC188D8004BF73D /* Frameworks */,
				E47C90372DC188D8004BF73D /* Resources */,
			);
			buildRules = (
			);
			dependencies = (
				E47C903B2DC188D8004BF73D /* PBXTargetDependency */,
			);
			fileSystemSynchronizedGroups = (
				E47C903C2DC188D8004BF73D /* ChromaTest2UITests */,
			);
			name = ChromaTest2UITests;
			packageProductDependencies = (
			);
			productName = ChromaTest2UITests;
			productReference = E47C90392DC188D8004BF73D /* ChromaTest2UITests.xctest */;
			productType = "com.apple.product-type.bundle.ui-testing";
		};
/* End PBXNativeTarget section */

/* Begin PBXProject section */
		E47C90192DC188D7004BF73D /* Project object */ = {
			isa = PBXProject;
			attributes = {
				BuildIndependentTargetsInParallel = 1;
				LastSwiftUpdateCheck = 1630;
				LastUpgradeCheck = 1630;
				TargetAttributes = {
					E47C90202DC188D7004BF73D = {
						CreatedOnToolsVersion = 16.3;
					};
					E47C902E2DC188D8004BF73D = {
						CreatedOnToolsVersion = 16.3;
						TestTargetID = E47C90202DC188D7004BF73D;
					};
					E47C90382DC188D8004BF73D = {
						CreatedOnToolsVersion = 16.3;
						TestTargetID = E47C90202DC188D7004BF73D;
					};
				};
			};
			buildConfigurationList = E47C901C2DC188D7004BF73D /* Build configuration list for PBXProject "ChromaTest2" */;
			developmentRegion = en;
			hasScannedForEncodings = 0;
			knownRegions = (
				en,
				Base,
			);
			mainGroup = E47C90182DC188D7004BF73D;
			minimizedProjectReferenceProxies = 1;
			packageReferences = (
				E47C90932DC278F2004BF73D /* XCLocalSwiftPackageReference "../Chroma" */,
			);
			preferredProjectObjectVersion = 77;
			productRefGroup = E47C90222DC188D7004BF73D /* Products */;
			projectDirPath = "";
			projectRoot = "";
			targets = (
				E47C90202DC188D7004BF73D /* ChromaTest2 */,
				E47C902E2DC188D8004BF73D /* ChromaTest2Tests */,
				E47C90382DC188D8004BF73D /* ChromaTest2UITests */,
			);
		};
/* End PBXProject section */

/* Begin PBXResourcesBuildPhase section */
		E47C901F2DC188D7004BF73D /* Resources */ = {
			isa = PBXResourcesBuildPhase;
			buildActionMask = 2147483647;
			files = (
			);
			runOnlyForDeploymentPostprocessing = 0;
		};
		E47C902D2DC188D8004BF73D /* Resources */ = {
			isa = PBXResourcesBuildPhase;
			buildActionMask = 2147483647;
			files = (
			);
			runOnlyForDeploymentPostprocessing = 0;
		};
		E47C90372DC188D8004BF73D /* Resources */ = {
			isa = PBXResourcesBuildPhase;
			buildActionMask = 2147483647;
			files = (
			);
			runOnlyForDeploymentPostprocessing = 0;
		};
/* End PBXResourcesBuildPhase section */

/* Begin PBXSourcesBuildPhase section */
		E47C901D2DC188D7004BF73D /* Sources */ = {
			isa = PBXSourcesBuildPhase;
			buildActionMask = 2147483647;
			files = (
			);
			runOnlyForDeploymentPostprocessing = 0;
		};
		E47C902B2DC188D8004BF73D /* Sources */ = {
			isa = PBXSourcesBuildPhase;
			buildActionMask = 2147483647;
			files = (
			);
			runOnlyForDeploymentPostprocessing = 0;
		};
		E47C90352DC188D8004BF73D /* Sources */ = {
			isa = PBXSourcesBuildPhase;
			buildActionMask = 2147483647;
			files = (
			);
			runOnlyForDeploymentPostprocessing = 0;
		};
/* End PBXSourcesBuildPhase section */

/* Begin PBXTargetDependency section */
		E47C90312DC188D8004BF73D /* PBXTargetDependency */ = {
			isa = PBXTargetDependency;
			target = E47C90202DC188D7004BF73D /* ChromaTest2 */;
			targetProxy = E47C90302DC188D8004BF73D /* PBXContainerItemProxy */;
		};
		E47C903B2DC188D8004BF73D /* PBXTargetDependency */ = {
			isa = PBXTargetDependency;
			target = E47C90202DC188D7004BF73D /* ChromaTest2 */;
			targetProxy = E47C903A2DC188D8004BF73D /* PBXContainerItemProxy */;
		};
/* End PBXTargetDependency section */

/* Begin XCBuildConfiguration section */
		E47C90412DC188D8004BF73D /* Debug */ = {
			isa = XCBuildConfiguration;
			buildSettings = {
				ALWAYS_SEARCH_USER_PATHS = NO;
				ASSETCATALOG_COMPILER_GENERATE_SWIFT_ASSET_SYMBOL_EXTENSIONS = YES;
				CLANG_ANALYZER_NONNULL = YES;
				CLANG_ANALYZER_NUMBER_OBJECT_CONVERSION = YES_AGGRESSIVE;
				CLANG_CXX_LANGUAGE_STANDARD = "gnu++20";
				CLANG_ENABLE_MODULES = YES;
				CLANG_ENABLE_OBJC_ARC = YES;
				CLANG_ENABLE_OBJC_WEAK = YES;
				CLANG_WARN_BLOCK_CAPTURE_AUTORELEASING = YES;
				CLANG_WARN_BOOL_CONVERSION = YES;
				CLANG_WARN_COMMA = YES;
				CLANG_WARN_CONSTANT_CONVERSION = YES;
				CLANG_WARN_DEPRECATED_OBJC_IMPLEMENTATIONS = YES;
				CLANG_WARN_DIRECT_OBJC_ISA_USAGE = YES_ERROR;
				CLANG_WARN_DOCUMENTATION_COMMENTS = YES;
				CLANG_WARN_EMPTY_BODY = YES;
				CLANG_WARN_ENUM_CONVERSION = YES;
				CLANG_WARN_INFINITE_RECURSION = YES;
				CLANG_WARN_INT_CONVERSION = YES;
				CLANG_WARN_NON_LITERAL_NULL_CONVERSION = YES;
				CLANG_WARN_OBJC_IMPLICIT_RETAIN_SELF = YES;
				CLANG_WARN_OBJC_LITERAL_CONVERSION = YES;
				CLANG_WARN_OBJC_ROOT_CLASS = YES_ERROR;
				CLANG_WARN_QUOTED_INCLUDE_IN_FRAMEWORK_HEADER = YES;
				CLANG_WARN_RANGE_LOOP_ANALYSIS = YES;
				CLANG_WARN_STRICT_PROTOTYPES = YES;
				CLANG_WARN_SUSPICIOUS_MOVE = YES;
				CLANG_WARN_UNGUARDED_AVAILABILITY = YES_AGGRESSIVE;
				CLANG_WARN_UNREACHABLE_CODE = YES;
				CLANG_WARN__DUPLICATE_METHOD_MATCH = YES;
				COPY_PHASE_STRIP = NO;
				DEBUG_INFORMATION_FORMAT = dwarf;
				DEVELOPMENT_TEAM = 6QDK6789A6;
				ENABLE_STRICT_OBJC_MSGSEND = YES;
				ENABLE_TESTABILITY = YES;
				ENABLE_USER_SCRIPT_SANDBOXING = YES;
				GCC_C_LANGUAGE_STANDARD = gnu17;
				GCC_DYNAMIC_NO_PIC = NO;
				GCC_NO_COMMON_BLOCKS = YES;
				GCC_OPTIMIZATION_LEVEL = 0;
				GCC_PREPROCESSOR_DEFINITIONS = (
					"DEBUG=1",
					"$(inherited)",
				);
				GCC_WARN_64_TO_32_BIT_CONVERSION = YES;
				GCC_WARN_ABOUT_RETURN_TYPE = YES_ERROR;
				GCC_WARN_UNDECLARED_SELECTOR = YES;
				GCC_WARN_UNINITIALIZED_AUTOS = YES_AGGRESSIVE;
				GCC_WARN_UNUSED_FUNCTION = YES;
				GCC_WARN_UNUSED_VARIABLE = YES;
				LOCALIZATION_PREFERS_STRING_CATALOGS = YES;
				MTL_ENABLE_DEBUG_INFO = INCLUDE_SOURCE;
				MTL_FAST_MATH = YES;
				ONLY_ACTIVE_ARCH = YES;
				SWIFT_ACTIVE_COMPILATION_CONDITIONS = "DEBUG $(inherited)";
				SWIFT_OPTIMIZATION_LEVEL = "-Onone";
			};
			name = Debug;
		};
		E47C90422DC188D8004BF73D /* Release */ = {
			isa = XCBuildConfiguration;
			buildSettings = {
				ALWAYS_SEARCH_USER_PATHS = NO;
				ASSETCATALOG_COMPILER_GENERATE_SWIFT_ASSET_SYMBOL_EXTENSIONS = YES;
				CLANG_ANALYZER_NONNULL = YES;
				CLANG_ANALYZER_NUMBER_OBJECT_CONVERSION = YES_AGGRESSIVE;
				CLANG_CXX_LANGUAGE_STANDARD = "gnu++20";
				CLANG_ENABLE_MODULES = YES;
				CLANG_ENABLE_OBJC_ARC = YES;
				CLANG_ENABLE_OBJC_WEAK = YES;
				CLANG_WARN_BLOCK_CAPTURE_AUTORELEASING = YES;
				CLANG_WARN_BOOL_CONVERSION = YES;
				CLANG_WARN_COMMA = YES;
				CLANG_WARN_CONSTANT_CONVERSION = YES;
				CLANG_WARN_DEPRECATED_OBJC_IMPLEMENTATIONS = YES;
				CLANG_WARN_DIRECT_OBJC_ISA_USAGE = YES_ERROR;
				CLANG_WARN_DOCUMENTATION_COMMENTS = YES;
				CLANG_WARN_EMPTY_BODY = YES;
				CLANG_WARN_ENUM_CONVERSION = YES;
				CLANG_WARN_INFINITE_RECURSION = YES;
				CLANG_WARN_INT_CONVERSION = YES;
				CLANG_WARN_NON_LITERAL_NULL_CONVERSION = YES;
				CLANG_WARN_OBJC_IMPLICIT_RETAIN_SELF = YES;
				CLANG_WARN_OBJC_LITERAL_CONVERSION = YES;
				CLANG_WARN_OBJC_ROOT_CLASS = YES_ERROR;
				CLANG_WARN_QUOTED_INCLUDE_IN_FRAMEWORK_HEADER = YES;
				CLANG_WARN_RANGE_LOOP_ANALYSIS = YES;
				CLANG_WARN_STRICT_PROTOTYPES = YES;
				CLANG_WARN_SUSPICIOUS_MOVE = YES;
				CLANG_WARN_UNGUARDED_AVAILABILITY = YES_AGGRESSIVE;
				CLANG_WARN_UNREACHABLE_CODE = YES;
				CLANG_WARN__DUPLICATE_METHOD_MATCH = YES;
				COPY_PHASE_STRIP = NO;
				DEBUG_INFORMATION_FORMAT = "dwarf-with-dsym";
				DEVELOPMENT_TEAM = 6QDK6789A6;
				ENABLE_NS_ASSERTIONS = NO;
				ENABLE_STRICT_OBJC_MSGSEND = YES;
				ENABLE_USER_SCRIPT_SANDBOXING = YES;
				GCC_C_LANGUAGE_STANDARD = gnu17;
				GCC_NO_COMMON_BLOCKS = YES;
				GCC_WARN_64_TO_32_BIT_CONVERSION = YES;
				GCC_WARN_ABOUT_RETURN_TYPE = YES_ERROR;
				GCC_WARN_UNDECLARED_SELECTOR = YES;
				GCC_WARN_UNINITIALIZED_AUTOS = YES_AGGRESSIVE;
				GCC_WARN_UNUSED_FUNCTION = YES;
				GCC_WARN_UNUSED_VARIABLE = YES;
				LOCALIZATION_PREFERS_STRING_CATALOGS = YES;
				MTL_ENABLE_DEBUG_INFO = NO;
				MTL_FAST_MATH = YES;
				SWIFT_COMPILATION_MODE = wholemodule;
			};
			name = Release;
		};
		E47C90442DC188D8004BF73D /* Debug */ = {
			isa = XCBuildConfiguration;
			buildSettings = {
				ASSETCATALOG_COMPILER_APPICON_NAME = AppIcon;
				ASSETCATALOG_COMPILER_GLOBAL_ACCENT_COLOR_NAME = AccentColor;
				CODE_SIGN_ENTITLEMENTS = ChromaTest2/ChromaTest2.entitlements;
				CODE_SIGN_STYLE = Automatic;
				CURRENT_PROJECT_VERSION = 1;
				DEVELOPMENT_TEAM = 6QDK6789A6;
				ENABLE_HARDENED_RUNTIME = YES;
				ENABLE_PREVIEWS = YES;
				GENERATE_INFOPLIST_FILE = YES;
				"INFOPLIST_KEY_UIApplicationSceneManifest_Generation[sdk=iphoneos*]" = YES;
				"INFOPLIST_KEY_UIApplicationSceneManifest_Generation[sdk=iphonesimulator*]" = YES;
				"INFOPLIST_KEY_UIApplicationSupportsIndirectInputEvents[sdk=iphoneos*]" = YES;
				"INFOPLIST_KEY_UIApplicationSupportsIndirectInputEvents[sdk=iphonesimulator*]" = YES;
				"INFOPLIST_KEY_UILaunchScreen_Generation[sdk=iphoneos*]" = YES;
				"INFOPLIST_KEY_UILaunchScreen_Generation[sdk=iphonesimulator*]" = YES;
				"INFOPLIST_KEY_UIStatusBarStyle[sdk=iphoneos*]" = UIStatusBarStyleDefault;
				"INFOPLIST_KEY_UIStatusBarStyle[sdk=iphonesimulator*]" = UIStatusBarStyleDefault;
				INFOPLIST_KEY_UISupportedInterfaceOrientations_iPad = "UIInterfaceOrientationPortrait UIInterfaceOrientationPortraitUpsideDown UIInterfaceOrientationLandscapeLeft UIInterfaceOrientationLandscapeRight";
				INFOPLIST_KEY_UISupportedInterfaceOrientations_iPhone = "UIInterfaceOrientationPortrait UIInterfaceOrientationLandscapeLeft UIInterfaceOrientationLandscapeRight";
				IPHONEOS_DEPLOYMENT_TARGET = 18.4;
				LD_RUNPATH_SEARCH_PATHS = "@executable_path/Frameworks";
				"LD_RUNPATH_SEARCH_PATHS[sdk=macosx*]" = "@executable_path/../Frameworks";
				MACOSX_DEPLOYMENT_TARGET = 15.4;
				MARKETING_VERSION = 1.0;
				PRODUCT_BUNDLE_IDENTIFIER = chroma.ChromaTest2;
				PRODUCT_NAME = "$(TARGET_NAME)";
				REGISTER_APP_GROUPS = YES;
				SDKROOT = auto;
				SUPPORTED_PLATFORMS = "iphoneos iphonesimulator macosx xros xrsimulator";
				SWIFT_EMIT_LOC_STRINGS = YES;
				SWIFT_VERSION = 5.0;
				TARGETED_DEVICE_FAMILY = "1,2,7";
				XROS_DEPLOYMENT_TARGET = 2.4;
			};
			name = Debug;
		};
		E47C90452DC188D8004BF73D /* Release */ = {
			isa = XCBuildConfiguration;
			buildSettings = {
				ASSETCATALOG_COMPILER_APPICON_NAME = AppIcon;
				ASSETCATALOG_COMPILER_GLOBAL_ACCENT_COLOR_NAME = AccentColor;
				CODE_SIGN_ENTITLEMENTS = ChromaTest2/ChromaTest2.entitlements;
				CODE_SIGN_STYLE = Automatic;
				CURRENT_PROJECT_VERSION = 1;
				DEVELOPMENT_TEAM = 6QDK6789A6;
				ENABLE_HARDENED_RUNTIME = YES;
				ENABLE_PREVIEWS = YES;
				GENERATE_INFOPLIST_FILE = YES;
				"INFOPLIST_KEY_UIApplicationSceneManifest_Generation[sdk=iphoneos*]" = YES;
				"INFOPLIST_KEY_UIApplicationSceneManifest_Generation[sdk=iphonesimulator*]" = YES;
				"INFOPLIST_KEY_UIApplicationSupportsIndirectInputEvents[sdk=iphoneos*]" = YES;
				"INFOPLIST_KEY_UIApplicationSupportsIndirectInputEvents[sdk=iphonesimulator*]" = YES;
				"INFOPLIST_KEY_UILaunchScreen_Generation[sdk=iphoneos*]" = YES;
				"INFOPLIST_KEY_UILaunchScreen_Generation[sdk=iphonesimulator*]" = YES;
				"INFOPLIST_KEY_UIStatusBarStyle[sdk=iphoneos*]" = UIStatusBarStyleDefault;
				"INFOPLIST_KEY_UIStatusBarStyle[sdk=iphonesimulator*]" = UIStatusBarStyleDefault;
				INFOPLIST_KEY_UISupportedInterfaceOrientations_iPad = "UIInterfaceOrientationPortrait UIInterfaceOrientationPortraitUpsideDown UIInterfaceOrientationLandscapeLeft UIInterfaceOrientationLandscapeRight";
				INFOPLIST_KEY_UISupportedInterfaceOrientations_iPhone = "UIInterfaceOrientationPortrait UIInterfaceOrientationLandscapeLeft UIInterfaceOrientationLandscapeRight";
				IPHONEOS_DEPLOYMENT_TARGET = 18.4;
				LD_RUNPATH_SEARCH_PATHS = "@executable_path/Frameworks";
				"LD_RUNPATH_SEARCH_PATHS[sdk=macosx*]" = "@executable_path/../Frameworks";
				MACOSX_DEPLOYMENT_TARGET = 15.4;
				MARKETING_VERSION = 1.0;
				PRODUCT_BUNDLE_IDENTIFIER = chroma.ChromaTest2;
				PRODUCT_NAME = "$(TARGET_NAME)";
				REGISTER_APP_GROUPS = YES;
				SDKROOT = auto;
				SUPPORTED_PLATFORMS = "iphoneos iphonesimulator macosx xros xrsimulator";
				SWIFT_EMIT_LOC_STRINGS = YES;
				SWIFT_VERSION = 5.0;
				TARGETED_DEVICE_FAMILY = "1,2,7";
				XROS_DEPLOYMENT_TARGET = 2.4;
			};
			name = Release;
		};
		E47C90472DC188D8004BF73D /* Debug */ = {
			isa = XCBuildConfiguration;
			buildSettings = {
				BUNDLE_LOADER = "$(TEST_HOST)";
				CODE_SIGN_STYLE = Automatic;
				CURRENT_PROJECT_VERSION = 1;
				DEVELOPMENT_TEAM = 6QDK6789A6;
				GENERATE_INFOPLIST_FILE = YES;
				IPHONEOS_DEPLOYMENT_TARGET = 18.4;
				MACOSX_DEPLOYMENT_TARGET = 15.4;
				MARKETING_VERSION = 1.0;
				PRODUCT_BUNDLE_IDENTIFIER = chroma.ChromaTest2Tests;
				PRODUCT_NAME = "$(TARGET_NAME)";
				SDKROOT = auto;
				SUPPORTED_PLATFORMS = "iphoneos iphonesimulator macosx xros xrsimulator";
				SWIFT_EMIT_LOC_STRINGS = NO;
				SWIFT_VERSION = 5.0;
				TARGETED_DEVICE_FAMILY = "1,2,7";
				TEST_HOST = "$(BUILT_PRODUCTS_DIR)/ChromaTest2.app/$(BUNDLE_EXECUTABLE_FOLDER_PATH)/ChromaTest2";
				XROS_DEPLOYMENT_TARGET = 2.4;
			};
			name = Debug;
		};
		E47C90482DC188D8004BF73D /* Release */ = {
			isa = XCBuildConfiguration;
			buildSettings = {
				BUNDLE_LOADER = "$(TEST_HOST)";
				CODE_SIGN_STYLE = Automatic;
				CURRENT_PROJECT_VERSION = 1;
				DEVELOPMENT_TEAM = 6QDK6789A6;
				GENERATE_INFOPLIST_FILE = YES;
				IPHONEOS_DEPLOYMENT_TARGET = 18.4;
				MACOSX_DEPLOYMENT_TARGET = 15.4;
				MARKETING_VERSION = 1.0;
				PRODUCT_BUNDLE_IDENTIFIER = chroma.ChromaTest2Tests;
				PRODUCT_NAME = "$(TARGET_NAME)";
				SDKROOT = auto;
				SUPPORTED_PLATFORMS = "iphoneos iphonesimulator macosx xros xrsimulator";
				SWIFT_EMIT_LOC_STRINGS = NO;
				SWIFT_VERSION = 5.0;
				TARGETED_DEVICE_FAMILY = "1,2,7";
				TEST_HOST = "$(BUILT_PRODUCTS_DIR)/ChromaTest2.app/$(BUNDLE_EXECUTABLE_FOLDER_PATH)/ChromaTest2";
				XROS_DEPLOYMENT_TARGET = 2.4;
			};
			name = Release;
		};
		E47C904A2DC188D8004BF73D /* Debug */ = {
			isa = XCBuildConfiguration;
			buildSettings = {
				CODE_SIGN_STYLE = Automatic;
				CURRENT_PROJECT_VERSION = 1;
				DEVELOPMENT_TEAM = 6QDK6789A6;
				GENERATE_INFOPLIST_FILE = YES;
				IPHONEOS_DEPLOYMENT_TARGET = 18.4;
				MACOSX_DEPLOYMENT_TARGET = 15.4;
				MARKETING_VERSION = 1.0;
				PRODUCT_BUNDLE_IDENTIFIER = chroma.ChromaTest2UITests;
				PRODUCT_NAME = "$(TARGET_NAME)";
				SDKROOT = auto;
				SUPPORTED_PLATFORMS = "iphoneos iphonesimulator macosx xros xrsimulator";
				SWIFT_EMIT_LOC_STRINGS = NO;
				SWIFT_VERSION = 5.0;
				TARGETED_DEVICE_FAMILY = "1,2,7";
				TEST_TARGET_NAME = ChromaTest2;
				XROS_DEPLOYMENT_TARGET = 2.4;
			};
			name = Debug;
		};
		E47C904B2DC188D8004BF73D /* Release */ = {
			isa = XCBuildConfiguration;
			buildSettings = {
				CODE_SIGN_STYLE = Automatic;
				CURRENT_PROJECT_VERSION = 1;
				DEVELOPMENT_TEAM = 6QDK6789A6;
				GENERATE_INFOPLIST_FILE = YES;
				IPHONEOS_DEPLOYMENT_TARGET = 18.4;
				MACOSX_DEPLOYMENT_TARGET = 15.4;
				MARKETING_VERSION = 1.0;
				PRODUCT_BUNDLE_IDENTIFIER = chroma.ChromaTest2UITests;
				PRODUCT_NAME = "$(TARGET_NAME)";
				SDKROOT = auto;
				SUPPORTED_PLATFORMS = "iphoneos iphonesimulator macosx xros xrsimulator";
				SWIFT_EMIT_LOC_STRINGS = NO;
				SWIFT_VERSION = 5.0;
				TARGETED_DEVICE_FAMILY = "1,2,7";
				TEST_TARGET_NAME = ChromaTest2;
				XROS_DEPLOYMENT_TARGET = 2.4;
			};
			name = Release;
		};
/* End XCBuildConfiguration section */

/* Begin XCConfigurationList section */
		E47C901C2DC188D7004BF73D /* Build configuration list for PBXProject "ChromaTest2" */ = {
			isa = XCConfigurationList;
			buildConfigurations = (
				E47C90412DC188D8004BF73D /* Debug */,
				E47C90422DC188D8004BF73D /* Release */,
			);
			defaultConfigurationIsVisible = 0;
			defaultConfigurationName = Release;
		};
		E47C90432DC188D8004BF73D /* Build configuration list for PBXNativeTarget "ChromaTest2" */ = {
			isa = XCConfigurationList;
			buildConfigurations = (
				E47C90442DC188D8004BF73D /* Debug */,
				E47C90452DC188D8004BF73D /* Release */,
			);
			defaultConfigurationIsVisible = 0;
			defaultConfigurationName = Release;
		};
		E47C90462DC188D8004BF73D /* Build configuration list for PBXNativeTarget "ChromaTest2Tests" */ = {
			isa = XCConfigurationList;
			buildConfigurations = (
				E47C90472DC188D8004BF73D /* Debug */,
				E47C90482DC188D8004BF73D /* Release */,
			);
			defaultConfigurationIsVisible = 0;
			defaultConfigurationName = Release;
		};
		E47C90492DC188D8004BF73D /* Build configuration list for PBXNativeTarget "ChromaTest2UITests" */ = {
			isa = XCConfigurationList;
			buildConfigurations = (
				E47C904A2DC188D8004BF73D /* Debug */,
				E47C904B2DC188D8004BF73D /* Release */,
			);
			defaultConfigurationIsVisible = 0;
			defaultConfigurationName = Release;
		};
/* End XCConfigurationList section */

/* Begin XCLocalSwiftPackageReference section */
		E47C90932DC278F2004BF73D /* XCLocalSwiftPackageReference "../Chroma" */ = {
			isa = XCLocalSwiftPackageReference;
			relativePath = ../Chroma;
		};
/* End XCLocalSwiftPackageReference section */

/* Begin XCSwiftPackageProductDependency section */
		E47C904D2DC188EA004BF73D /* Chroma */ = {
			isa = XCSwiftPackageProductDependency;
			productName = Chroma;
		};
		E47C90842DC1D41D004BF73D /* Chroma */ = {
			isa = XCSwiftPackageProductDependency;
			productName = Chroma;
		};
		E47C90942DC278F2004BF73D /* Chroma */ = {
			isa = XCSwiftPackageProductDependency;
			productName = Chroma;
		};
/* End XCSwiftPackageProductDependency section */
	};
	rootObject = E47C90192DC188D7004BF73D /* Project object */;
}
